
Microsoft Visual Studio Solution File, Format Version 12.00
# Visual Studio Version 17
VisualStudioVersion = 17.14.36603.0
MinimumVisualStudioVersion = 10.0.40219.1
Project("{FAE04EC0-301F-11D3-BF4B-00C04F79EFBC}") = "Assigment1", "Assigment1\Assigment1.csproj", "{FA6EE473-D3BC-41FE-94E0-C65A8AB441C1}"
EndProject
Global
	GlobalSection(SolutionConfigurationPlatforms) = preSolution
		Debug|Any CPU = Debug|Any CPU
		Release|Any CPU = Release|Any CPU
	EndGlobalSection
	GlobalSection(ProjectConfigurationPlatforms) = postSolution
		{FA6EE473-D3BC-41FE-94E0-C65A8AB441C1}.Debug|Any CPU.ActiveCfg = Debug|Any CPU
		{FA6EE473-D3BC-41FE-94E0-C65A8AB441C1}.Debug|Any CPU.Build.0 = Debug|Any CPU
		{FA6EE473-D3BC-41FE-94E0-C65A8AB441C1}.Release|Any CPU.ActiveCfg = Release|Any CPU
		{FA6EE473-D3BC-41FE-94E0-C65A8AB441C1}.Release|Any CPU.Build.0 = Release|Any CPU
	EndGlobalSection
	GlobalSection(SolutionProperties) = preSolution
		HideSolutionNode = FALSE
	EndGlobalSection
	GlobalSection(ExtensibilityGlobals) = postSolution
		SolutionGuid = {36B23C77-C3F4-492F-B373-D9B357B73B99}
	EndGlobalSection
EndGlobal
